# This file is automatically @generated by Cargo.
# It is not intended for manual editing.
[[package]]
name = "fuzzyrusty"
version = "0.1.0"
source = "registry+https://github.com/rust-lang/crates.io-index"
checksum = "e71545c41f414b5c45a296ba05218883bba844dda4aef9af869286c87904b968"

[[package]]
name = "json"
version = "0.12.4"
source = "registry+https://github.com/rust-lang/crates.io-index"
checksum = "078e285eafdfb6c4b434e0d31e8cfcb5115b651496faca5749b88fafd4f23bfd"

[[package]]
name = "mfqp"
version = "0.1.0"
dependencies = [
 "fuzzyrusty",
 "json",
]
